// !$*UTF8*$!
{
	archiveVersion = 1;
	classes = {
	};
	objectVersion = 50;
	objects = {

/* Begin PBXBuildFile section */
		3C049AF5238C714D00F17697 /* AppDelegate.swift in Sources */ = {isa = PBXBuildFile; fileRef = 3C049AF4238C714D00F17697 /* AppDelegate.swift */; };
		3C049AF7238C714D00F17697 /* MainMenuViewController.swift in Sources */ = {isa = PBXBuildFile; fileRef = 3C049AF6238C714D00F17697 /* MainMenuViewController.swift */; };
		3C049AFD238C714D00F17697 /* Memorize.xcdatamodeld in Sources */ = {isa = PBXBuildFile; fileRef = 3C049AFB238C714D00F17697 /* Memorize.xcdatamodeld */; };
		3C049AFF238C715000F17697 /* Assets.xcassets in Resources */ = {isa = PBXBuildFile; fileRef = 3C049AFE238C715000F17697 /* Assets.xcassets */; };
		3C049B02238C715000F17697 /* LaunchScreen.storyboard in Resources */ = {isa = PBXBuildFile; fileRef = 3C049B00238C715000F17697 /* LaunchScreen.storyboard */; };
		3C049B0D238C715000F17697 /* MemorizeTests.swift in Sources */ = {isa = PBXBuildFile; fileRef = 3C049B0C238C715000F17697 /* MemorizeTests.swift */; };
		3C049B18238C738B00F17697 /* RoundedBackgroundView.swift in Sources */ = {isa = PBXBuildFile; fileRef = 3C049B17238C738B00F17697 /* RoundedBackgroundView.swift */; };
		3C049B1A238C7B3600F17697 /* MainMenuButton.swift in Sources */ = {isa = PBXBuildFile; fileRef = 3C049B19238C7B3600F17697 /* MainMenuButton.swift */; };
		3C049B1C238C8D8000F17697 /* AllWordsViewController.swift in Sources */ = {isa = PBXBuildFile; fileRef = 3C049B1B238C8D8000F17697 /* AllWordsViewController.swift */; };
		3C049B1E238C902D00F17697 /* TranslationPairCell.swift in Sources */ = {isa = PBXBuildFile; fileRef = 3C049B1D238C902D00F17697 /* TranslationPairCell.swift */; };
		3C049B20238C919800F17697 /* TranslationPairViewModel.swift in Sources */ = {isa = PBXBuildFile; fileRef = 3C049B1F238C919800F17697 /* TranslationPairViewModel.swift */; };
		3C049B22238C972C00F17697 /* DoubleLabel.swift in Sources */ = {isa = PBXBuildFile; fileRef = 3C049B21238C972C00F17697 /* DoubleLabel.swift */; };
		3C049B24238CAA7A00F17697 /* EditPairViewController.swift in Sources */ = {isa = PBXBuildFile; fileRef = 3C049B23238CAA7A00F17697 /* EditPairViewController.swift */; };
		3C049B26238CB7E400F17697 /* CheckBox.swift in Sources */ = {isa = PBXBuildFile; fileRef = 3C049B25238CB7E400F17697 /* CheckBox.swift */; };
		3C049B28238CBF1C00F17697 /* BigGreenButton.swift in Sources */ = {isa = PBXBuildFile; fileRef = 3C049B27238CBF1C00F17697 /* BigGreenButton.swift */; };
		3C049B2C238DC1E900F17697 /* TitleTextFieldView.swift in Sources */ = {isa = PBXBuildFile; fileRef = 3C049B2B238DC1E900F17697 /* TitleTextFieldView.swift */; };
		3C049B32238DCA4700F17697 /* EditPairPresenter.swift in Sources */ = {isa = PBXBuildFile; fileRef = 3C049B31238DCA4700F17697 /* EditPairPresenter.swift */; };
		3C049B34238DD36E00F17697 /* EditPairAssembly.swift in Sources */ = {isa = PBXBuildFile; fileRef = 3C049B33238DD36E00F17697 /* EditPairAssembly.swift */; };
		3C049B36238DD98400F17697 /* MainMenuPresenter.swift in Sources */ = {isa = PBXBuildFile; fileRef = 3C049B35238DD98400F17697 /* MainMenuPresenter.swift */; };
		3C049B38238DD9B700F17697 /* MainMenuAssembly.swift in Sources */ = {isa = PBXBuildFile; fileRef = 3C049B37238DD9B700F17697 /* MainMenuAssembly.swift */; };
		3C049B3B238DDD3D00F17697 /* Router.swift in Sources */ = {isa = PBXBuildFile; fileRef = 3C049B3A238DDD3D00F17697 /* Router.swift */; };
		3C049B3E238DE71300F17697 /* RepeatViewController.swift in Sources */ = {isa = PBXBuildFile; fileRef = 3C049B3D238DE71300F17697 /* RepeatViewController.swift */; };
		3C049B41238E4A7400F17697 /* TranslationsAndMistakesCount.swift in Sources */ = {isa = PBXBuildFile; fileRef = 3C049B40238E4A7400F17697 /* TranslationsAndMistakesCount.swift */; };
		3C049B43238E4A9600F17697 /* AudioLabel.swift in Sources */ = {isa = PBXBuildFile; fileRef = 3C049B42238E4A9600F17697 /* AudioLabel.swift */; };
		3C049B48238E538F00F17697 /* RepeatPresenter.swift in Sources */ = {isa = PBXBuildFile; fileRef = 3C049B47238E538F00F17697 /* RepeatPresenter.swift */; };
		3C049B4A238E53A100F17697 /* RepeatAssembly.swift in Sources */ = {isa = PBXBuildFile; fileRef = 3C049B49238E53A100F17697 /* RepeatAssembly.swift */; };
		3C049B4C238E622E00F17697 /* AllWordsPresenter.swift in Sources */ = {isa = PBXBuildFile; fileRef = 3C049B4B238E622E00F17697 /* AllWordsPresenter.swift */; };
		3C049B4E238E624000F17697 /* AllWordsAssembly.swift in Sources */ = {isa = PBXBuildFile; fileRef = 3C049B4D238E624000F17697 /* AllWordsAssembly.swift */; };
		3C049B50238F10E700F17697 /* TranslationPair.swift in Sources */ = {isa = PBXBuildFile; fileRef = 3C049B4F238F10E700F17697 /* TranslationPair.swift */; };
		3C049B52238F41EC00F17697 /* TitleCheckboxView.swift in Sources */ = {isa = PBXBuildFile; fileRef = 3C049B51238F41EC00F17697 /* TitleCheckboxView.swift */; };
		3C049B55238F9DC800F17697 /* CorrectAnswerViewController.swift in Sources */ = {isa = PBXBuildFile; fileRef = 3C049B54238F9DC800F17697 /* CorrectAnswerViewController.swift */; };
		3C049B572390C01200F17697 /* CorrectAnswerView.swift in Sources */ = {isa = PBXBuildFile; fileRef = 3C049B562390C01200F17697 /* CorrectAnswerView.swift */; };
		3C049B592390EC4B00F17697 /* CorrectAnswerPresenter.swift in Sources */ = {isa = PBXBuildFile; fileRef = 3C049B582390EC4B00F17697 /* CorrectAnswerPresenter.swift */; };
		3C049B5B2390EC5A00F17697 /* CorrectAnswerAssembly.swift in Sources */ = {isa = PBXBuildFile; fileRef = 3C049B5A2390EC5A00F17697 /* CorrectAnswerAssembly.swift */; };
/* End PBXBuildFile section */

/* Begin PBXContainerItemProxy section */
		3C049B09238C715000F17697 /* PBXContainerItemProxy */ = {
			isa = PBXContainerItemProxy;
			containerPortal = 3C049AE9238C714D00F17697 /* Project object */;
			proxyType = 1;
			remoteGlobalIDString = 3C049AF0238C714D00F17697;
			remoteInfo = Memorize;
		};
/* End PBXContainerItemProxy section */

/* Begin PBXFileReference section */
		3C049AF1238C714D00F17697 /* Memorize.app */ = {isa = PBXFileReference; explicitFileType = wrapper.application; includeInIndex = 0; path = Memorize.app; sourceTree = BUILT_PRODUCTS_DIR; };
		3C049AF4238C714D00F17697 /* AppDelegate.swift */ = {isa = PBXFileReference; lastKnownFileType = sourcecode.swift; path = AppDelegate.swift; sourceTree = "<group>"; };
		3C049AF6238C714D00F17697 /* MainMenuViewController.swift */ = {isa = PBXFileReference; lastKnownFileType = sourcecode.swift; path = MainMenuViewController.swift; sourceTree = "<group>"; };
		3C049AFC238C714D00F17697 /* Memorize.xcdatamodel */ = {isa = PBXFileReference; lastKnownFileType = wrapper.xcdatamodel; path = Memorize.xcdatamodel; sourceTree = "<group>"; };
		3C049AFE238C715000F17697 /* Assets.xcassets */ = {isa = PBXFileReference; lastKnownFileType = folder.assetcatalog; path = Assets.xcassets; sourceTree = "<group>"; };
		3C049B01238C715000F17697 /* Base */ = {isa = PBXFileReference; lastKnownFileType = file.storyboard; name = Base; path = Base.lproj/LaunchScreen.storyboard; sourceTree = "<group>"; };
		3C049B03238C715000F17697 /* Info.plist */ = {isa = PBXFileReference; lastKnownFileType = text.plist.xml; path = Info.plist; sourceTree = "<group>"; };
		3C049B08238C715000F17697 /* MemorizeTests.xctest */ = {isa = PBXFileReference; explicitFileType = wrapper.cfbundle; includeInIndex = 0; path = MemorizeTests.xctest; sourceTree = BUILT_PRODUCTS_DIR; };
		3C049B0C238C715000F17697 /* MemorizeTests.swift */ = {isa = PBXFileReference; lastKnownFileType = sourcecode.swift; path = MemorizeTests.swift; sourceTree = "<group>"; };
		3C049B0E238C715000F17697 /* Info.plist */ = {isa = PBXFileReference; lastKnownFileType = text.plist.xml; path = Info.plist; sourceTree = "<group>"; };
		3C049B17238C738B00F17697 /* RoundedBackgroundView.swift */ = {isa = PBXFileReference; lastKnownFileType = sourcecode.swift; path = RoundedBackgroundView.swift; sourceTree = "<group>"; };
		3C049B19238C7B3600F17697 /* MainMenuButton.swift */ = {isa = PBXFileReference; lastKnownFileType = sourcecode.swift; path = MainMenuButton.swift; sourceTree = "<group>"; };
		3C049B1B238C8D8000F17697 /* AllWordsViewController.swift */ = {isa = PBXFileReference; lastKnownFileType = sourcecode.swift; path = AllWordsViewController.swift; sourceTree = "<group>"; };
		3C049B1D238C902D00F17697 /* TranslationPairCell.swift */ = {isa = PBXFileReference; lastKnownFileType = sourcecode.swift; path = TranslationPairCell.swift; sourceTree = "<group>"; };
		3C049B1F238C919800F17697 /* TranslationPairViewModel.swift */ = {isa = PBXFileReference; lastKnownFileType = sourcecode.swift; path = TranslationPairViewModel.swift; sourceTree = "<group>"; };
		3C049B21238C972C00F17697 /* DoubleLabel.swift */ = {isa = PBXFileReference; lastKnownFileType = sourcecode.swift; path = DoubleLabel.swift; sourceTree = "<group>"; };
		3C049B23238CAA7A00F17697 /* EditPairViewController.swift */ = {isa = PBXFileReference; lastKnownFileType = sourcecode.swift; path = EditPairViewController.swift; sourceTree = "<group>"; };
		3C049B25238CB7E400F17697 /* CheckBox.swift */ = {isa = PBXFileReference; lastKnownFileType = sourcecode.swift; path = CheckBox.swift; sourceTree = "<group>"; };
		3C049B27238CBF1C00F17697 /* BigGreenButton.swift */ = {isa = PBXFileReference; lastKnownFileType = sourcecode.swift; path = BigGreenButton.swift; sourceTree = "<group>"; };
		3C049B2B238DC1E900F17697 /* TitleTextFieldView.swift */ = {isa = PBXFileReference; lastKnownFileType = sourcecode.swift; path = TitleTextFieldView.swift; sourceTree = "<group>"; };
		3C049B31238DCA4700F17697 /* EditPairPresenter.swift */ = {isa = PBXFileReference; lastKnownFileType = sourcecode.swift; path = EditPairPresenter.swift; sourceTree = "<group>"; };
		3C049B33238DD36E00F17697 /* EditPairAssembly.swift */ = {isa = PBXFileReference; lastKnownFileType = sourcecode.swift; path = EditPairAssembly.swift; sourceTree = "<group>"; };
		3C049B35238DD98400F17697 /* MainMenuPresenter.swift */ = {isa = PBXFileReference; lastKnownFileType = sourcecode.swift; path = MainMenuPresenter.swift; sourceTree = "<group>"; };
		3C049B37238DD9B700F17697 /* MainMenuAssembly.swift */ = {isa = PBXFileReference; lastKnownFileType = sourcecode.swift; path = MainMenuAssembly.swift; sourceTree = "<group>"; };
		3C049B3A238DDD3D00F17697 /* Router.swift */ = {isa = PBXFileReference; lastKnownFileType = sourcecode.swift; path = Router.swift; sourceTree = "<group>"; };
		3C049B3D238DE71300F17697 /* RepeatViewController.swift */ = {isa = PBXFileReference; lastKnownFileType = sourcecode.swift; path = RepeatViewController.swift; sourceTree = "<group>"; };
		3C049B40238E4A7400F17697 /* TranslationsAndMistakesCount.swift */ = {isa = PBXFileReference; lastKnownFileType = sourcecode.swift; path = TranslationsAndMistakesCount.swift; sourceTree = "<group>"; };
		3C049B42238E4A9600F17697 /* AudioLabel.swift */ = {isa = PBXFileReference; lastKnownFileType = sourcecode.swift; path = AudioLabel.swift; sourceTree = "<group>"; };
		3C049B47238E538F00F17697 /* RepeatPresenter.swift */ = {isa = PBXFileReference; lastKnownFileType = sourcecode.swift; path = RepeatPresenter.swift; sourceTree = "<group>"; };
		3C049B49238E53A100F17697 /* RepeatAssembly.swift */ = {isa = PBXFileReference; lastKnownFileType = sourcecode.swift; path = RepeatAssembly.swift; sourceTree = "<group>"; };
		3C049B4B238E622E00F17697 /* AllWordsPresenter.swift */ = {isa = PBXFileReference; lastKnownFileType = sourcecode.swift; path = AllWordsPresenter.swift; sourceTree = "<group>"; };
		3C049B4D238E624000F17697 /* AllWordsAssembly.swift */ = {isa = PBXFileReference; lastKnownFileType = sourcecode.swift; path = AllWordsAssembly.swift; sourceTree = "<group>"; };
		3C049B4F238F10E700F17697 /* TranslationPair.swift */ = {isa = PBXFileReference; lastKnownFileType = sourcecode.swift; path = TranslationPair.swift; sourceTree = "<group>"; };
		3C049B51238F41EC00F17697 /* TitleCheckboxView.swift */ = {isa = PBXFileReference; lastKnownFileType = sourcecode.swift; path = TitleCheckboxView.swift; sourceTree = "<group>"; };
		3C049B54238F9DC800F17697 /* CorrectAnswerViewController.swift */ = {isa = PBXFileReference; lastKnownFileType = sourcecode.swift; path = CorrectAnswerViewController.swift; sourceTree = "<group>"; };
		3C049B562390C01200F17697 /* CorrectAnswerView.swift */ = {isa = PBXFileReference; lastKnownFileType = sourcecode.swift; path = CorrectAnswerView.swift; sourceTree = "<group>"; };
		3C049B582390EC4B00F17697 /* CorrectAnswerPresenter.swift */ = {isa = PBXFileReference; lastKnownFileType = sourcecode.swift; path = CorrectAnswerPresenter.swift; sourceTree = "<group>"; };
		3C049B5A2390EC5A00F17697 /* CorrectAnswerAssembly.swift */ = {isa = PBXFileReference; lastKnownFileType = sourcecode.swift; path = CorrectAnswerAssembly.swift; sourceTree = "<group>"; };
/* End PBXFileReference section */

/* Begin PBXFrameworksBuildPhase section */
		3C049AEE238C714D00F17697 /* Frameworks */ = {
			isa = PBXFrameworksBuildPhase;
			buildActionMask = 2147483647;
			files = (
			);
			runOnlyForDeploymentPostprocessing = 0;
		};
		3C049B05238C715000F17697 /* Frameworks */ = {
			isa = PBXFrameworksBuildPhase;
			buildActionMask = 2147483647;
			files = (
			);
			runOnlyForDeploymentPostprocessing = 0;
		};
/* End PBXFrameworksBuildPhase section */

/* Begin PBXGroup section */
		3C049AE8238C714D00F17697 = {
			isa = PBXGroup;
			children = (
				3C049AF3238C714D00F17697 /* Memorize */,
				3C049B0B238C715000F17697 /* MemorizeTests */,
				3C049AF2238C714D00F17697 /* Products */,
			);
			sourceTree = "<group>";
		};
		3C049AF2238C714D00F17697 /* Products */ = {
			isa = PBXGroup;
			children = (
				3C049AF1238C714D00F17697 /* Memorize.app */,
				3C049B08238C715000F17697 /* MemorizeTests.xctest */,
			);
			name = Products;
			sourceTree = "<group>";
		};
		3C049AF3238C714D00F17697 /* Memorize */ = {
			isa = PBXGroup;
			children = (
				3C049B2D238DC9D200F17697 /* Screens */,
				3C049AF4238C714D00F17697 /* AppDelegate.swift */,
				3C049AFE238C715000F17697 /* Assets.xcassets */,
				3C049B00238C715000F17697 /* LaunchScreen.storyboard */,
				3C049B42238E4A9600F17697 /* AudioLabel.swift */,
				3C049B03238C715000F17697 /* Info.plist */,
				3C049AFB238C714D00F17697 /* Memorize.xcdatamodeld */,
				3C049B17238C738B00F17697 /* RoundedBackgroundView.swift */,
				3C049B27238CBF1C00F17697 /* BigGreenButton.swift */,
				3C049B2B238DC1E900F17697 /* TitleTextFieldView.swift */,
				3C049B4F238F10E700F17697 /* TranslationPair.swift */,
			);
			path = Memorize;
			sourceTree = "<group>";
		};
		3C049B0B238C715000F17697 /* MemorizeTests */ = {
			isa = PBXGroup;
			children = (
				3C049B0C238C715000F17697 /* MemorizeTests.swift */,
				3C049B0E238C715000F17697 /* Info.plist */,
			);
			path = MemorizeTests;
			sourceTree = "<group>";
		};
		3C049B2D238DC9D200F17697 /* Screens */ = {
			isa = PBXGroup;
			children = (
				3C049B53238F9D7E00F17697 /* CheckAnswer */,
				3C049B3C238DE6FA00F17697 /* Repeat */,
				3C049B39238DDD2800F17697 /* Router */,
				3C049B30238DCA1E00F17697 /* CreateWord */,
				3C049B2F238DCA1500F17697 /* MainMenu */,
				3C049B2E238DCA0400F17697 /* AllWords */,
			);
			path = Screens;
			sourceTree = "<group>";
		};
		3C049B2E238DCA0400F17697 /* AllWords */ = {
			isa = PBXGroup;
			children = (
				3C049B45238E4AFD00F17697 /* UIElements */,
				3C049B1B238C8D8000F17697 /* AllWordsViewController.swift */,
				3C049B4B238E622E00F17697 /* AllWordsPresenter.swift */,
				3C049B4D238E624000F17697 /* AllWordsAssembly.swift */,
			);
			path = AllWords;
			sourceTree = "<group>";
		};
		3C049B2F238DCA1500F17697 /* MainMenu */ = {
			isa = PBXGroup;
			children = (
				3C049B44238E4ACE00F17697 /* UIElements */,
				3C049AF6238C714D00F17697 /* MainMenuViewController.swift */,
				3C049B35238DD98400F17697 /* MainMenuPresenter.swift */,
				3C049B37238DD9B700F17697 /* MainMenuAssembly.swift */,
			);
			path = MainMenu;
			sourceTree = "<group>";
		};
		3C049B30238DCA1E00F17697 /* CreateWord */ = {
			isa = PBXGroup;
			children = (
				3C049B46238E4B1200F17697 /* UIElements */,
				3C049B23238CAA7A00F17697 /* EditPairViewController.swift */,
				3C049B31238DCA4700F17697 /* EditPairPresenter.swift */,
				3C049B33238DD36E00F17697 /* EditPairAssembly.swift */,
			);
			path = CreateWord;
			sourceTree = "<group>";
		};
		3C049B39238DDD2800F17697 /* Router */ = {
			isa = PBXGroup;
			children = (
				3C049B3A238DDD3D00F17697 /* Router.swift */,
			);
			path = Router;
			sourceTree = "<group>";
		};
		3C049B3C238DE6FA00F17697 /* Repeat */ = {
			isa = PBXGroup;
			children = (
				3C049B3F238E4A4800F17697 /* UIElements */,
				3C049B3D238DE71300F17697 /* RepeatViewController.swift */,
				3C049B47238E538F00F17697 /* RepeatPresenter.swift */,
				3C049B49238E53A100F17697 /* RepeatAssembly.swift */,
			);
			path = Repeat;
			sourceTree = "<group>";
		};
		3C049B3F238E4A4800F17697 /* UIElements */ = {
			isa = PBXGroup;
			children = (
				3C049B40238E4A7400F17697 /* TranslationsAndMistakesCount.swift */,
			);
			path = UIElements;
			sourceTree = "<group>";
		};
		3C049B44238E4ACE00F17697 /* UIElements */ = {
			isa = PBXGroup;
			children = (
				3C049B19238C7B3600F17697 /* MainMenuButton.swift */,
				3C049B21238C972C00F17697 /* DoubleLabel.swift */,
			);
			path = UIElements;
			sourceTree = "<group>";
		};
		3C049B45238E4AFD00F17697 /* UIElements */ = {
			isa = PBXGroup;
			children = (
				3C049B1D238C902D00F17697 /* TranslationPairCell.swift */,
				3C049B1F238C919800F17697 /* TranslationPairViewModel.swift */,
			);
			path = UIElements;
			sourceTree = "<group>";
		};
		3C049B46238E4B1200F17697 /* UIElements */ = {
			isa = PBXGroup;
			children = (
				3C049B25238CB7E400F17697 /* CheckBox.swift */,
				3C049B51238F41EC00F17697 /* TitleCheckboxView.swift */,
			);
			path = UIElements;
			sourceTree = "<group>";
		};
		3C049B53238F9D7E00F17697 /* CheckAnswer */ = {
			isa = PBXGroup;
			children = (
				3C049B5C2391E2E300F17697 /* View */,
				3C049B54238F9DC800F17697 /* CorrectAnswerViewController.swift */,
				3C049B582390EC4B00F17697 /* CorrectAnswerPresenter.swift */,
				3C049B5A2390EC5A00F17697 /* CorrectAnswerAssembly.swift */,
			);
			path = CheckAnswer;
			sourceTree = "<group>";
		};
		3C049B5C2391E2E300F17697 /* View */ = {
			isa = PBXGroup;
			children = (
				3C049B562390C01200F17697 /* CorrectAnswerView.swift */,
			);
			path = View;
			sourceTree = "<group>";
		};
/* End PBXGroup section */

/* Begin PBXNativeTarget section */
		3C049AF0238C714D00F17697 /* Memorize */ = {
			isa = PBXNativeTarget;
			buildConfigurationList = 3C049B11238C715000F17697 /* Build configuration list for PBXNativeTarget "Memorize" */;
			buildPhases = (
				3C049AED238C714D00F17697 /* Sources */,
				3C049AEE238C714D00F17697 /* Frameworks */,
				3C049AEF238C714D00F17697 /* Resources */,
			);
			buildRules = (
			);
			dependencies = (
			);
			name = Memorize;
			productName = Memorize;
			productReference = 3C049AF1238C714D00F17697 /* Memorize.app */;
			productType = "com.apple.product-type.application";
		};
		3C049B07238C715000F17697 /* MemorizeTests */ = {
			isa = PBXNativeTarget;
			buildConfigurationList = 3C049B14238C715000F17697 /* Build configuration list for PBXNativeTarget "MemorizeTests" */;
			buildPhases = (
				3C049B04238C715000F17697 /* Sources */,
				3C049B05238C715000F17697 /* Frameworks */,
				3C049B06238C715000F17697 /* Resources */,
			);
			buildRules = (
			);
			dependencies = (
				3C049B0A238C715000F17697 /* PBXTargetDependency */,
			);
			name = MemorizeTests;
			productName = MemorizeTests;
			productReference = 3C049B08238C715000F17697 /* MemorizeTests.xctest */;
			productType = "com.apple.product-type.bundle.unit-test";
		};
/* End PBXNativeTarget section */

/* Begin PBXProject section */
		3C049AE9238C714D00F17697 /* Project object */ = {
			isa = PBXProject;
			attributes = {
				LastSwiftUpdateCheck = 1020;
				LastUpgradeCheck = 1020;
				ORGANIZATIONNAME = "Vika Olegova";
				TargetAttributes = {
					3C049AF0238C714D00F17697 = {
						CreatedOnToolsVersion = 10.2;
					};
					3C049B07238C715000F17697 = {
						CreatedOnToolsVersion = 10.2;
						TestTargetID = 3C049AF0238C714D00F17697;
					};
				};
			};
			buildConfigurationList = 3C049AEC238C714D00F17697 /* Build configuration list for PBXProject "Memorize" */;
			compatibilityVersion = "Xcode 9.3";
			developmentRegion = en;
			hasScannedForEncodings = 0;
			knownRegions = (
				en,
				Base,
			);
			mainGroup = 3C049AE8238C714D00F17697;
			productRefGroup = 3C049AF2238C714D00F17697 /* Products */;
			projectDirPath = "";
			projectRoot = "";
			targets = (
				3C049AF0238C714D00F17697 /* Memorize */,
				3C049B07238C715000F17697 /* MemorizeTests */,
			);
		};
/* End PBXProject section */

/* Begin PBXResourcesBuildPhase section */
		3C049AEF238C714D00F17697 /* Resources */ = {
			isa = PBXResourcesBuildPhase;
			buildActionMask = 2147483647;
			files = (
				3C049B02238C715000F17697 /* LaunchScreen.storyboard in Resources */,
				3C049AFF238C715000F17697 /* Assets.xcassets in Resources */,
			);
			runOnlyForDeploymentPostprocessing = 0;
		};
		3C049B06238C715000F17697 /* Resources */ = {
			isa = PBXResourcesBuildPhase;
			buildActionMask = 2147483647;
			files = (
			);
			runOnlyForDeploymentPostprocessing = 0;
		};
/* End PBXResourcesBuildPhase section */

/* Begin PBXSourcesBuildPhase section */
		3C049AED238C714D00F17697 /* Sources */ = {
			isa = PBXSourcesBuildPhase;
			buildActionMask = 2147483647;
			files = (
				3C049B24238CAA7A00F17697 /* EditPairViewController.swift in Sources */,
				3C049B20238C919800F17697 /* TranslationPairViewModel.swift in Sources */,
				3C049B28238CBF1C00F17697 /* BigGreenButton.swift in Sources */,
				3C049B22238C972C00F17697 /* DoubleLabel.swift in Sources */,
				3C049B4E238E624000F17697 /* AllWordsAssembly.swift in Sources */,
				3C049B41238E4A7400F17697 /* TranslationsAndMistakesCount.swift in Sources */,
				3C049B48238E538F00F17697 /* RepeatPresenter.swift in Sources */,
				3C049B3B238DDD3D00F17697 /* Router.swift in Sources */,
				3C049B36238DD98400F17697 /* MainMenuPresenter.swift in Sources */,
				3C049B592390EC4B00F17697 /* CorrectAnswerPresenter.swift in Sources */,
				3C049B38238DD9B700F17697 /* MainMenuAssembly.swift in Sources */,
				3C049B26238CB7E400F17697 /* CheckBox.swift in Sources */,
				3C049B52238F41EC00F17697 /* TitleCheckboxView.swift in Sources */,
				3C049B4C238E622E00F17697 /* AllWordsPresenter.swift in Sources */,
				3C049B1C238C8D8000F17697 /* AllWordsViewController.swift in Sources */,
				3C049AFD238C714D00F17697 /* Memorize.xcdatamodeld in Sources */,
				3C049B43238E4A9600F17697 /* AudioLabel.swift in Sources */,
				3C049B50238F10E700F17697 /* TranslationPair.swift in Sources */,
				3C049B2C238DC1E900F17697 /* TitleTextFieldView.swift in Sources */,
				3C049B32238DCA4700F17697 /* EditPairPresenter.swift in Sources */,
				3C049B572390C01200F17697 /* CorrectAnswerView.swift in Sources */,
				3C049B5B2390EC5A00F17697 /* CorrectAnswerAssembly.swift in Sources */,
				3C049B1E238C902D00F17697 /* TranslationPairCell.swift in Sources */,
				3C049B1A238C7B3600F17697 /* MainMenuButton.swift in Sources */,
				3C049B34238DD36E00F17697 /* EditPairAssembly.swift in Sources */,
				3C049AF7238C714D00F17697 /* MainMenuViewController.swift in Sources */,
				3C049B4A238E53A100F17697 /* RepeatAssembly.swift in Sources */,
				3C049B3E238DE71300F17697 /* RepeatViewController.swift in Sources */,
				3C049B55238F9DC800F17697 /* CorrectAnswerViewController.swift in Sources */,
				3C049B18238C738B00F17697 /* RoundedBackgroundView.swift in Sources */,
				3C049AF5238C714D00F17697 /* AppDelegate.swift in Sources */,
			);
			runOnlyForDeploymentPostprocessing = 0;
		};
		3C049B04238C715000F17697 /* Sources */ = {
			isa = PBXSourcesBuildPhase;
			buildActionMask = 2147483647;
			files = (
				3C049B0D238C715000F17697 /* MemorizeTests.swift in Sources */,
			);
			runOnlyForDeploymentPostprocessing = 0;
		};
/* End PBXSourcesBuildPhase section */

/* Begin PBXTargetDependency section */
		3C049B0A238C715000F17697 /* PBXTargetDependency */ = {
			isa = PBXTargetDependency;
			target = 3C049AF0238C714D00F17697 /* Memorize */;
			targetProxy = 3C049B09238C715000F17697 /* PBXContainerItemProxy */;
		};
/* End PBXTargetDependency section */

/* Begin PBXVariantGroup section */
		3C049B00238C715000F17697 /* LaunchScreen.storyboard */ = {
			isa = PBXVariantGroup;
			children = (
				3C049B01238C715000F17697 /* Base */,
			);
			name = LaunchScreen.storyboard;
			sourceTree = "<group>";
		};
/* End PBXVariantGroup section */

/* Begin XCBuildConfiguration section */
		3C049B0F238C715000F17697 /* Debug */ = {
			isa = XCBuildConfiguration;
			buildSettings = {
				ALWAYS_SEARCH_USER_PATHS = NO;
				CLANG_ANALYZER_NONNULL = YES;
				CLANG_ANALYZER_NUMBER_OBJECT_CONVERSION = YES_AGGRESSIVE;
				CLANG_CXX_LANGUAGE_STANDARD = "gnu++14";
				CLANG_CXX_LIBRARY = "libc++";
				CLANG_ENABLE_MODULES = YES;
				CLANG_ENABLE_OBJC_ARC = YES;
				CLANG_ENABLE_OBJC_WEAK = YES;
				CLANG_WARN_BLOCK_CAPTURE_AUTORELEASING = YES;
				CLANG_WARN_BOOL_CONVERSION = YES;
				CLANG_WARN_COMMA = YES;
				CLANG_WARN_CONSTANT_CONVERSION = YES;
				CLANG_WARN_DEPRECATED_OBJC_IMPLEMENTATIONS = YES;
				CLANG_WARN_DIRECT_OBJC_ISA_USAGE = YES_ERROR;
				CLANG_WARN_DOCUMENTATION_COMMENTS = YES;
				CLANG_WARN_EMPTY_BODY = YES;
				CLANG_WARN_ENUM_CONVERSION = YES;
				CLANG_WARN_INFINITE_RECURSION = YES;
				CLANG_WARN_INT_CONVERSION = YES;
				CLANG_WARN_NON_LITERAL_NULL_CONVERSION = YES;
				CLANG_WARN_OBJC_IMPLICIT_RETAIN_SELF = YES;
				CLANG_WARN_OBJC_LITERAL_CONVERSION = YES;
				CLANG_WARN_OBJC_ROOT_CLASS = YES_ERROR;
				CLANG_WARN_RANGE_LOOP_ANALYSIS = YES;
				CLANG_WARN_STRICT_PROTOTYPES = YES;
				CLANG_WARN_SUSPICIOUS_MOVE = YES;
				CLANG_WARN_UNGUARDED_AVAILABILITY = YES_AGGRESSIVE;
				CLANG_WARN_UNREACHABLE_CODE = YES;
				CLANG_WARN__DUPLICATE_METHOD_MATCH = YES;
				CODE_SIGN_IDENTITY = "iPhone Developer";
				COPY_PHASE_STRIP = NO;
				DEBUG_INFORMATION_FORMAT = dwarf;
				ENABLE_STRICT_OBJC_MSGSEND = YES;
				ENABLE_TESTABILITY = YES;
				GCC_C_LANGUAGE_STANDARD = gnu11;
				GCC_DYNAMIC_NO_PIC = NO;
				GCC_NO_COMMON_BLOCKS = YES;
				GCC_OPTIMIZATION_LEVEL = 0;
				GCC_PREPROCESSOR_DEFINITIONS = (
					"DEBUG=1",
					"$(inherited)",
				);
				GCC_WARN_64_TO_32_BIT_CONVERSION = YES;
				GCC_WARN_ABOUT_RETURN_TYPE = YES_ERROR;
				GCC_WARN_UNDECLARED_SELECTOR = YES;
				GCC_WARN_UNINITIALIZED_AUTOS = YES_AGGRESSIVE;
				GCC_WARN_UNUSED_FUNCTION = YES;
				GCC_WARN_UNUSED_VARIABLE = YES;
				IPHONEOS_DEPLOYMENT_TARGET = 12.2;
				MTL_ENABLE_DEBUG_INFO = INCLUDE_SOURCE;
				MTL_FAST_MATH = YES;
				ONLY_ACTIVE_ARCH = YES;
				SDKROOT = iphoneos;
				SWIFT_ACTIVE_COMPILATION_CONDITIONS = DEBUG;
				SWIFT_OPTIMIZATION_LEVEL = "-Onone";
			};
			name = Debug;
		};
		3C049B10238C715000F17697 /* Release */ = {
			isa = XCBuildConfiguration;
			buildSettings = {
				ALWAYS_SEARCH_USER_PATHS = NO;
				CLANG_ANALYZER_NONNULL = YES;
				CLANG_ANALYZER_NUMBER_OBJECT_CONVERSION = YES_AGGRESSIVE;
				CLANG_CXX_LANGUAGE_STANDARD = "gnu++14";
				CLANG_CXX_LIBRARY = "libc++";
				CLANG_ENABLE_MODULES = YES;
				CLANG_ENABLE_OBJC_ARC = YES;
				CLANG_ENABLE_OBJC_WEAK = YES;
				CLANG_WARN_BLOCK_CAPTURE_AUTORELEASING = YES;
				CLANG_WARN_BOOL_CONVERSION = YES;
				CLANG_WARN_COMMA = YES;
				CLANG_WARN_CONSTANT_CONVERSION = YES;
				CLANG_WARN_DEPRECATED_OBJC_IMPLEMENTATIONS = YES;
				CLANG_WARN_DIRECT_OBJC_ISA_USAGE = YES_ERROR;
				CLANG_WARN_DOCUMENTATION_COMMENTS = YES;
				CLANG_WARN_EMPTY_BODY = YES;
				CLANG_WARN_ENUM_CONVERSION = YES;
				CLANG_WARN_INFINITE_RECURSION = YES;
				CLANG_WARN_INT_CONVERSION = YES;
				CLANG_WARN_NON_LITERAL_NULL_CONVERSION = YES;
				CLANG_WARN_OBJC_IMPLICIT_RETAIN_SELF = YES;
				CLANG_WARN_OBJC_LITERAL_CONVERSION = YES;
				CLANG_WARN_OBJC_ROOT_CLASS = YES_ERROR;
				CLANG_WARN_RANGE_LOOP_ANALYSIS = YES;
				CLANG_WARN_STRICT_PROTOTYPES = YES;
				CLANG_WARN_SUSPICIOUS_MOVE = YES;
				CLANG_WARN_UNGUARDED_AVAILABILITY = YES_AGGRESSIVE;
				CLANG_WARN_UNREACHABLE_CODE = YES;
				CLANG_WARN__DUPLICATE_METHOD_MATCH = YES;
				CODE_SIGN_IDENTITY = "iPhone Developer";
				COPY_PHASE_STRIP = NO;
				DEBUG_INFORMATION_FORMAT = "dwarf-with-dsym";
				ENABLE_NS_ASSERTIONS = NO;
				ENABLE_STRICT_OBJC_MSGSEND = YES;
				GCC_C_LANGUAGE_STANDARD = gnu11;
				GCC_NO_COMMON_BLOCKS = YES;
				GCC_WARN_64_TO_32_BIT_CONVERSION = YES;
				GCC_WARN_ABOUT_RETURN_TYPE = YES_ERROR;
				GCC_WARN_UNDECLARED_SELECTOR = YES;
				GCC_WARN_UNINITIALIZED_AUTOS = YES_AGGRESSIVE;
				GCC_WARN_UNUSED_FUNCTION = YES;
				GCC_WARN_UNUSED_VARIABLE = YES;
				IPHONEOS_DEPLOYMENT_TARGET = 12.2;
				MTL_ENABLE_DEBUG_INFO = NO;
				MTL_FAST_MATH = YES;
				SDKROOT = iphoneos;
				SWIFT_COMPILATION_MODE = wholemodule;
				SWIFT_OPTIMIZATION_LEVEL = "-O";
				VALIDATE_PRODUCT = YES;
			};
			name = Release;
		};
		3C049B12238C715000F17697 /* Debug */ = {
			isa = XCBuildConfiguration;
			buildSettings = {
				ASSETCATALOG_COMPILER_APPICON_NAME = AppIcon;
				CODE_SIGN_STYLE = Automatic;
				DEVELOPMENT_TEAM = 7B26XLTLFZ;
				INFOPLIST_FILE = Memorize/Info.plist;
				LD_RUNPATH_SEARCH_PATHS = (
					"$(inherited)",
					"@executable_path/Frameworks",
				);
				PRODUCT_BUNDLE_IDENTIFIER = com.vikaolegova.Memorize;
				PRODUCT_NAME = "$(TARGET_NAME)";
				SWIFT_VERSION = 5.0;
				TARGETED_DEVICE_FAMILY = "1,2";
			};
			name = Debug;
		};
		3C049B13238C715000F17697 /* Release */ = {
			isa = XCBuildConfiguration;
			buildSettings = {
				ASSETCATALOG_COMPILER_APPICON_NAME = AppIcon;
				CODE_SIGN_STYLE = Automatic;
				DEVELOPMENT_TEAM = 7B26XLTLFZ;
				INFOPLIST_FILE = Memorize/Info.plist;
				LD_RUNPATH_SEARCH_PATHS = (
					"$(inherited)",
					"@executable_path/Frameworks",
				);
				PRODUCT_BUNDLE_IDENTIFIER = com.vikaolegova.Memorize;
				PRODUCT_NAME = "$(TARGET_NAME)";
				SWIFT_VERSION = 5.0;
				TARGETED_DEVICE_FAMILY = "1,2";
			};
			name = Release;
		};
		3C049B15238C715000F17697 /* Debug */ = {
			isa = XCBuildConfiguration;
			buildSettings = {
				ALWAYS_EMBED_SWIFT_STANDARD_LIBRARIES = YES;
				BUNDLE_LOADER = "$(TEST_HOST)";
				CODE_SIGN_STYLE = Automatic;
				DEVELOPMENT_TEAM = 7B26XLTLFZ;
				INFOPLIST_FILE = MemorizeTests/Info.plist;
				LD_RUNPATH_SEARCH_PATHS = (
					"$(inherited)",
					"@executable_path/Frameworks",
					"@loader_path/Frameworks",
				);
				PRODUCT_BUNDLE_IDENTIFIER = com.vikaolegova.MemorizeTests;
				PRODUCT_NAME = "$(TARGET_NAME)";
				SWIFT_VERSION = 5.0;
				TARGETED_DEVICE_FAMILY = "1,2";
				TEST_HOST = "$(BUILT_PRODUCTS_DIR)/Memorize.app/Memorize";
			};
			name = Debug;
		};
		3C049B16238C715000F17697 /* Release */ = {
			isa = XCBuildConfiguration;
			buildSettings = {
				ALWAYS_EMBED_SWIFT_STANDARD_LIBRARIES = YES;
				BUNDLE_LOADER = "$(TEST_HOST)";
				CODE_SIGN_STYLE = Automatic;
				DEVELOPMENT_TEAM = 7B26XLTLFZ;
				INFOPLIST_FILE = MemorizeTests/Info.plist;
				LD_RUNPATH_SEARCH_PATHS = (
					"$(inherited)",
					"@executable_path/Frameworks",
					"@loader_path/Frameworks",
				);
				PRODUCT_BUNDLE_IDENTIFIER = com.vikaolegova.MemorizeTests;
				PRODUCT_NAME = "$(TARGET_NAME)";
				SWIFT_VERSION = 5.0;
				TARGETED_DEVICE_FAMILY = "1,2";
				TEST_HOST = "$(BUILT_PRODUCTS_DIR)/Memorize.app/Memorize";
			};
			name = Release;
		};
/* End XCBuildConfiguration section */

/* Begin XCConfigurationList section */
		3C049AEC238C714D00F17697 /* Build configuration list for PBXProject "Memorize" */ = {
			isa = XCConfigurationList;
			buildConfigurations = (
				3C049B0F238C715000F17697 /* Debug */,
				3C049B10238C715000F17697 /* Release */,
			);
			defaultConfigurationIsVisible = 0;
			defaultConfigurationName = Release;
		};
		3C049B11238C715000F17697 /* Build configuration list for PBXNativeTarget "Memorize" */ = {
			isa = XCConfigurationList;
			buildConfigurations = (
				3C049B12238C715000F17697 /* Debug */,
				3C049B13238C715000F17697 /* Release */,
			);
			defaultConfigurationIsVisible = 0;
			defaultConfigurationName = Release;
		};
		3C049B14238C715000F17697 /* Build configuration list for PBXNativeTarget "MemorizeTests" */ = {
			isa = XCConfigurationList;
			buildConfigurations = (
				3C049B15238C715000F17697 /* Debug */,
				3C049B16238C715000F17697 /* Release */,
			);
			defaultConfigurationIsVisible = 0;
			defaultConfigurationName = Release;
		};
/* End XCConfigurationList section */

/* Begin XCVersionGroup section */
		3C049AFB238C714D00F17697 /* Memorize.xcdatamodeld */ = {
			isa = XCVersionGroup;
			children = (
				3C049AFC238C714D00F17697 /* Memorize.xcdatamodel */,
			);
			currentVersion = 3C049AFC238C714D00F17697 /* Memorize.xcdatamodel */;
			path = Memorize.xcdatamodeld;
			sourceTree = "<group>";
			versionGroupType = wrapper.xcdatamodel;
		};
/* End XCVersionGroup section */
	};
	rootObject = 3C049AE9238C714D00F17697 /* Project object */;
}
